
Microsoft Visual Studio Solution File, Format Version 12.00
# Visual Studio Version 17
VisualStudioVersion = 17.11.35327.3
MinimumVisualStudioVersion = 10.0.40219.1
Project("{FAE04EC0-301F-11D3-BF4B-00C04F79EFBC}") = "GUI", "GUI\GUI.csproj", "{73476A81-943E-4A2E-96A2-3AF8C926F604}"
EndProject
Project("{FAE04EC0-301F-11D3-BF4B-00C04F79EFBC}") = "BLL", "BLL\BLL.csproj", "{C6A0158E-5708-4D90-A458-090B3D6AAAEA}"
EndProject
Project("{FAE04EC0-301F-11D3-BF4B-00C04F79EFBC}") = "DAL", "DAL\DAL.csproj", "{06FDBA99-5DC6-4824-AF43-5243D7C5CA45}"
EndProject
Project("{FAE04EC0-301F-11D3-BF4B-00C04F79EFBC}") = "DTO", "DTO\DTO.csproj", "{62B63F11-6FC8-4E09-B1F6-E91947BBDBCC}"
EndProject
Global
	GlobalSection(SolutionConfigurationPlatforms) = preSolution
		Debug|Any CPU = Debug|Any CPU
		Release|Any CPU = Release|Any CPU
	EndGlobalSection
	GlobalSection(ProjectConfigurationPlatforms) = postSolution
		{73476A81-943E-4A2E-96A2-3AF8C926F604}.Debug|Any CPU.ActiveCfg = Debug|Any CPU
		{73476A81-943E-4A2E-96A2-3AF8C926F604}.Debug|Any CPU.Build.0 = Debug|Any CPU
		{73476A81-943E-4A2E-96A2-3AF8C926F604}.Release|Any CPU.ActiveCfg = Release|Any CPU
		{73476A81-943E-4A2E-96A2-3AF8C926F604}.Release|Any CPU.Build.0 = Release|Any CPU
		{C6A0158E-5708-4D90-A458-090B3D6AAAEA}.Debug|Any CPU.ActiveCfg = Debug|Any CPU
		{C6A0158E-5708-4D90-A458-090B3D6AAAEA}.Debug|Any CPU.Build.0 = Debug|Any CPU
		{C6A0158E-5708-4D90-A458-090B3D6AAAEA}.Release|Any CPU.ActiveCfg = Release|Any CPU
		{C6A0158E-5708-4D90-A458-090B3D6AAAEA}.Release|Any CPU.Build.0 = Release|Any CPU
		{06FDBA99-5DC6-4824-AF43-5243D7C5CA45}.Debug|Any CPU.ActiveCfg = Debug|Any CPU
		{06FDBA99-5DC6-4824-AF43-5243D7C5CA45}.Debug|Any CPU.Build.0 = Debug|Any CPU
		{06FDBA99-5DC6-4824-AF43-5243D7C5CA45}.Release|Any CPU.ActiveCfg = Release|Any CPU
		{06FDBA99-5DC6-4824-AF43-5243D7C5CA45}.Release|Any CPU.Build.0 = Release|Any CPU
		{62B63F11-6FC8-4E09-B1F6-E91947BBDBCC}.Debug|Any CPU.ActiveCfg = Debug|Any CPU
		{62B63F11-6FC8-4E09-B1F6-E91947BBDBCC}.Debug|Any CPU.Build.0 = Debug|Any CPU
		{62B63F11-6FC8-4E09-B1F6-E91947BBDBCC}.Release|Any CPU.ActiveCfg = Release|Any CPU
		{62B63F11-6FC8-4E09-B1F6-E91947BBDBCC}.Release|Any CPU.Build.0 = Release|Any CPU
	EndGlobalSection
	GlobalSection(SolutionProperties) = preSolution
		HideSolutionNode = FALSE
	EndGlobalSection
	GlobalSection(ExtensibilityGlobals) = postSolution
		SolutionGuid = {630B6F5F-2364-46C1-A88F-80343A5C4CBE}
	EndGlobalSection
EndGlobal
